
Microsoft Visual Studio Solution File, Format Version 12.00
# Visual Studio Version 17
VisualStudioVersion = 17.3.32922.545
MinimumVisualStudioVersion = 10.0.40219.1
Project("{FAE04EC0-301F-11D3-BF4B-00C04F79EFBC}") = "Serdiuk.Authorization.Web", "Serdiuk.Authorization.Web\Serdiuk.Authorization.Web.csproj", "{19B4CEC8-7052-45F2-AD23-09EA0725B1A0}"
EndProject
Global
	GlobalSection(SolutionConfigurationPlatforms) = preSolution
		Debug|Any CPU = Debug|Any CPU
		Release|Any CPU = Release|Any CPU
	EndGlobalSection
	GlobalSection(ProjectConfigurationPlatforms) = postSolution
		{19B4CEC8-7052-45F2-AD23-09EA0725B1A0}.Debug|Any CPU.ActiveCfg = Debug|Any CPU
		{19B4CEC8-7052-45F2-AD23-09EA0725B1A0}.Debug|Any CPU.Build.0 = Debug|Any CPU
		{19B4CEC8-7052-45F2-AD23-09EA0725B1A0}.Release|Any CPU.ActiveCfg = Release|Any CPU
		{19B4CEC8-7052-45F2-AD23-09EA0725B1A0}.Release|Any CPU.Build.0 = Release|Any CPU
	EndGlobalSection
	GlobalSection(SolutionProperties) = preSolution
		HideSolutionNode = FALSE
	EndGlobalSection
	GlobalSection(ExtensibilityGlobals) = postSolution
		SolutionGuid = {EF29872D-0FEA-44F5-8160-3FD1D42D8E1C}
	EndGlobalSection
EndGlobal
